
Microsoft Visual Studio Solution File, Format Version 12.00
# Visual Studio Version 16
VisualStudioVersion = 16.0.29709.97
MinimumVisualStudioVersion = 10.0.40219.1
Project("{FAE04EC0-301F-11D3-BF4B-00C04F79EFBC}") = "Validators_T1_1920_WIP", "Validators_T1_1920_WIP\Validators_T1_1920_WIP.csproj", "{73B8C956-A54F-4AAD-AB63-E05DADB14EDB}"
EndProject
Global
	GlobalSection(SolutionConfigurationPlatforms) = preSolution
		Debug|Any CPU = Debug|Any CPU
		Release|Any CPU = Release|Any CPU
	EndGlobalSection
	GlobalSection(ProjectConfigurationPlatforms) = postSolution
		{73B8C956-A54F-4AAD-AB63-E05DADB14EDB}.Debug|Any CPU.ActiveCfg = Debug|Any CPU
		{73B8C956-A54F-4AAD-AB63-E05DADB14EDB}.Debug|Any CPU.Build.0 = Debug|Any CPU
		{73B8C956-A54F-4AAD-AB63-E05DADB14EDB}.Release|Any CPU.ActiveCfg = Release|Any CPU
		{73B8C956-A54F-4AAD-AB63-E05DADB14EDB}.Release|Any CPU.Build.0 = Release|Any CPU
	EndGlobalSection
	GlobalSection(SolutionProperties) = preSolution
		HideSolutionNode = FALSE
	EndGlobalSection
	GlobalSection(ExtensibilityGlobals) = postSolution
		SolutionGuid = {251B96C6-E816-4DFA-A9F9-0505CEAAD8CF}
	EndGlobalSection
EndGlobal
